// !$*UTF8*$!
{
	archiveVersion = 1;
	classes = {
	};
	objectVersion = 55;
	objects = {

/* Begin PBXBuildFile section */
		0C016D5228103FED00A98DB8 /* UserManager.swift in Sources */ = {isa = PBXBuildFile; fileRef = 0C016D5128103FED00A98DB8 /* UserManager.swift */; };
		0C016D542810404C00A98DB8 /* AuthManager.swift in Sources */ = {isa = PBXBuildFile; fileRef = 0C016D532810404C00A98DB8 /* AuthManager.swift */; };
		0C016D562810407400A98DB8 /* AppDependancyContainer.swift in Sources */ = {isa = PBXBuildFile; fileRef = 0C016D552810407400A98DB8 /* AppDependancyContainer.swift */; };
		0C3DE1202847691E007B7811 /* UIComponents in Frameworks */ = {isa = PBXBuildFile; productRef = 0C3DE11F2847691E007B7811 /* UIComponents */; };
		0C3DE12228476921007B7811 /* Feed in Frameworks */ = {isa = PBXBuildFile; productRef = 0C3DE12128476921007B7811 /* Feed */; };
		0C3DE12428476925007B7811 /* Login in Frameworks */ = {isa = PBXBuildFile; productRef = 0C3DE12328476925007B7811 /* Login */; };
		0C3DE12628476925007B7811 /* Profile in Frameworks */ = {isa = PBXBuildFile; productRef = 0C3DE12528476925007B7811 /* Profile */; };
		0C3DE12828476925007B7811 /* Settings in Frameworks */ = {isa = PBXBuildFile; productRef = 0C3DE12728476925007B7811 /* Settings */; };
		0C603A4B2806135F00077F30 /* AppDelegate.swift in Sources */ = {isa = PBXBuildFile; fileRef = 0C603A4A2806135F00077F30 /* AppDelegate.swift */; };
		0C603A542806135F00077F30 /* Assets.xcassets in Resources */ = {isa = PBXBuildFile; fileRef = 0C603A532806135F00077F30 /* Assets.xcassets */; };
		0C603A572806135F00077F30 /* LaunchScreen.storyboard in Resources */ = {isa = PBXBuildFile; fileRef = 0C603A552806135F00077F30 /* LaunchScreen.storyboard */; };
		0C96C31B2857DC7E00E55BF2 /* Router+EnterPhone.swift in Sources */ = {isa = PBXBuildFile; fileRef = 0C96C31A2857DC7E00E55BF2 /* Router+EnterPhone.swift */; };
		0C96C31D2857E10C00E55BF2 /* Router+ConfirmPhone.swift in Sources */ = {isa = PBXBuildFile; fileRef = 0C96C31C2857E10C00E55BF2 /* Router+ConfirmPhone.swift */; };
		0CB14F0B28575B7400DAAFA6 /* LoginRoutes.swift in Sources */ = {isa = PBXBuildFile; fileRef = 0CB14F0A28575B7400DAAFA6 /* LoginRoutes.swift */; };
		0CB14F0D28575B7E00DAAFA6 /* Routing in Frameworks */ = {isa = PBXBuildFile; productRef = 0CB14F0C28575B7E00DAAFA6 /* Routing */; };
		0CB14F1028575BF800DAAFA6 /* Router+Onboarding.swift in Sources */ = {isa = PBXBuildFile; fileRef = 0CB14F0F28575BF800DAAFA6 /* Router+Onboarding.swift */; };
/* End PBXBuildFile section */

/* Begin PBXFileReference section */
		0C016D5128103FED00A98DB8 /* UserManager.swift */ = {isa = PBXFileReference; lastKnownFileType = sourcecode.swift; path = UserManager.swift; sourceTree = "<group>"; };
		0C016D532810404C00A98DB8 /* AuthManager.swift */ = {isa = PBXFileReference; lastKnownFileType = sourcecode.swift; path = AuthManager.swift; sourceTree = "<group>"; };
		0C016D552810407400A98DB8 /* AppDependancyContainer.swift */ = {isa = PBXFileReference; lastKnownFileType = sourcecode.swift; path = AppDependancyContainer.swift; sourceTree = "<group>"; };
		0C603A472806135F00077F30 /* PWR-Architecture.app */ = {isa = PBXFileReference; explicitFileType = wrapper.application; includeInIndex = 0; path = "PWR-Architecture.app"; sourceTree = BUILT_PRODUCTS_DIR; };
		0C603A4A2806135F00077F30 /* AppDelegate.swift */ = {isa = PBXFileReference; lastKnownFileType = sourcecode.swift; path = AppDelegate.swift; sourceTree = "<group>"; };
		0C603A532806135F00077F30 /* Assets.xcassets */ = {isa = PBXFileReference; lastKnownFileType = folder.assetcatalog; path = Assets.xcassets; sourceTree = "<group>"; };
		0C603A562806135F00077F30 /* Base */ = {isa = PBXFileReference; lastKnownFileType = file.storyboard; name = Base; path = Base.lproj/LaunchScreen.storyboard; sourceTree = "<group>"; };
		0C603A582806135F00077F30 /* Info.plist */ = {isa = PBXFileReference; lastKnownFileType = text.plist.xml; path = Info.plist; sourceTree = "<group>"; };
		0C96C31A2857DC7E00E55BF2 /* Router+EnterPhone.swift */ = {isa = PBXFileReference; lastKnownFileType = sourcecode.swift; path = "Router+EnterPhone.swift"; sourceTree = "<group>"; };
		0C96C31C2857E10C00E55BF2 /* Router+ConfirmPhone.swift */ = {isa = PBXFileReference; lastKnownFileType = sourcecode.swift; path = "Router+ConfirmPhone.swift"; sourceTree = "<group>"; };
		0CB14F0A28575B7400DAAFA6 /* LoginRoutes.swift */ = {isa = PBXFileReference; lastKnownFileType = sourcecode.swift; path = LoginRoutes.swift; sourceTree = "<group>"; };
		0CB14F0F28575BF800DAAFA6 /* Router+Onboarding.swift */ = {isa = PBXFileReference; lastKnownFileType = sourcecode.swift; path = "Router+Onboarding.swift"; sourceTree = "<group>"; };
		0CE8357B282696DC0036F7FE /* Core */ = {isa = PBXFileReference; lastKnownFileType = wrapper; path = Core; sourceTree = "<group>"; };
		0CE8357C2826B2200036F7FE /* Features */ = {isa = PBXFileReference; lastKnownFileType = wrapper; path = Features; sourceTree = "<group>"; };
/* End PBXFileReference section */

/* Begin PBXFrameworksBuildPhase section */
		0C603A442806135F00077F30 /* Frameworks */ = {
			isa = PBXFrameworksBuildPhase;
			buildActionMask = 2147483647;
			files = (
				0C3DE12628476925007B7811 /* Profile in Frameworks */,
				0C3DE12828476925007B7811 /* Settings in Frameworks */,
				0C3DE12428476925007B7811 /* Login in Frameworks */,
				0CB14F0D28575B7E00DAAFA6 /* Routing in Frameworks */,
				0C3DE12228476921007B7811 /* Feed in Frameworks */,
				0C3DE1202847691E007B7811 /* UIComponents in Frameworks */,
			);
			runOnlyForDeploymentPostprocessing = 0;
		};
/* End PBXFrameworksBuildPhase section */

/* Begin PBXGroup section */
		0C016D5028103FB500A98DB8 /* Logic */ = {
			isa = PBXGroup;
			children = (
				0C016D532810404C00A98DB8 /* AuthManager.swift */,
				0C016D5128103FED00A98DB8 /* UserManager.swift */,
			);
			path = Logic;
			sourceTree = "<group>";
		};
		0C016D64281053AA00A98DB8 /* App */ = {
			isa = PBXGroup;
			children = (
				0C603A4A2806135F00077F30 /* AppDelegate.swift */,
				0C016D552810407400A98DB8 /* AppDependancyContainer.swift */,
			);
			path = App;
			sourceTree = "<group>";
		};
		0C3DE11E284768D1007B7811 /* Frameworks */ = {
			isa = PBXGroup;
			children = (
			);
			name = Frameworks;
			sourceTree = "<group>";
		};
		0C603A3E2806135F00077F30 = {
			isa = PBXGroup;
			children = (
				0CE8357A282694A80036F7FE /* Packages */,
				0C603A492806135F00077F30 /* PWR-Architecture */,
				0C603A482806135F00077F30 /* Products */,
				0C3DE11E284768D1007B7811 /* Frameworks */,
			);
			sourceTree = "<group>";
		};
		0C603A482806135F00077F30 /* Products */ = {
			isa = PBXGroup;
			children = (
				0C603A472806135F00077F30 /* PWR-Architecture.app */,
			);
			name = Products;
			sourceTree = "<group>";
		};
		0C603A492806135F00077F30 /* PWR-Architecture */ = {
			isa = PBXGroup;
			children = (
				0CB14F0928575B2100DAAFA6 /* Router */,
				0C016D64281053AA00A98DB8 /* App */,
				0C016D5028103FB500A98DB8 /* Logic */,
				0C603A532806135F00077F30 /* Assets.xcassets */,
				0C603A552806135F00077F30 /* LaunchScreen.storyboard */,
				0C603A582806135F00077F30 /* Info.plist */,
			);
			path = "PWR-Architecture";
			sourceTree = "<group>";
		};
		0CB14F0928575B2100DAAFA6 /* Router */ = {
			isa = PBXGroup;
			children = (
				0CB14F0E28575BC600DAAFA6 /* Login */,
			);
			path = Router;
			sourceTree = "<group>";
		};
		0CB14F0E28575BC600DAAFA6 /* Login */ = {
			isa = PBXGroup;
			children = (
				0CB14F0A28575B7400DAAFA6 /* LoginRoutes.swift */,
				0CB14F0F28575BF800DAAFA6 /* Router+Onboarding.swift */,
				0C96C31A2857DC7E00E55BF2 /* Router+EnterPhone.swift */,
				0C96C31C2857E10C00E55BF2 /* Router+ConfirmPhone.swift */,
			);
			path = Login;
			sourceTree = "<group>";
		};
		0CE8357A282694A80036F7FE /* Packages */ = {
			isa = PBXGroup;
			children = (
				0CE8357B282696DC0036F7FE /* Core */,
				0CE8357C2826B2200036F7FE /* Features */,
			);
			path = Packages;
			sourceTree = "<group>";
		};
/* End PBXGroup section */

/* Begin PBXNativeTarget section */
		0C603A462806135F00077F30 /* PWR-Architecture */ = {
			isa = PBXNativeTarget;
			buildConfigurationList = 0C603A5B2806135F00077F30 /* Build configuration list for PBXNativeTarget "PWR-Architecture" */;
			buildPhases = (
				0C603A432806135F00077F30 /* Sources */,
				0C603A442806135F00077F30 /* Frameworks */,
				0C603A452806135F00077F30 /* Resources */,
			);
			buildRules = (
			);
			dependencies = (
			);
			name = "PWR-Architecture";
			packageProductDependencies = (
				0C3DE11F2847691E007B7811 /* UIComponents */,
				0C3DE12128476921007B7811 /* Feed */,
				0C3DE12328476925007B7811 /* Login */,
				0C3DE12528476925007B7811 /* Profile */,
				0C3DE12728476925007B7811 /* Settings */,
				0CB14F0C28575B7E00DAAFA6 /* Routing */,
			);
			productName = "PWR-Architecture";
			productReference = 0C603A472806135F00077F30 /* PWR-Architecture.app */;
			productType = "com.apple.product-type.application";
		};
/* End PBXNativeTarget section */

/* Begin PBXProject section */
		0C603A3F2806135F00077F30 /* Project object */ = {
			isa = PBXProject;
			attributes = {
				BuildIndependentTargetsInParallel = 1;
				LastSwiftUpdateCheck = 1320;
				LastUpgradeCheck = 1320;
				TargetAttributes = {
					0C603A462806135F00077F30 = {
						CreatedOnToolsVersion = 13.2.1;
					};
				};
			};
			buildConfigurationList = 0C603A422806135F00077F30 /* Build configuration list for PBXProject "PWR-Architecture" */;
			compatibilityVersion = "Xcode 13.0";
			developmentRegion = en;
			hasScannedForEncodings = 0;
			knownRegions = (
				en,
				Base,
			);
			mainGroup = 0C603A3E2806135F00077F30;
			packageReferences = (
			);
			productRefGroup = 0C603A482806135F00077F30 /* Products */;
			projectDirPath = "";
			projectRoot = "";
			targets = (
				0C603A462806135F00077F30 /* PWR-Architecture */,
			);
		};
/* End PBXProject section */

/* Begin PBXResourcesBuildPhase section */
		0C603A452806135F00077F30 /* Resources */ = {
			isa = PBXResourcesBuildPhase;
			buildActionMask = 2147483647;
			files = (
				0C603A572806135F00077F30 /* LaunchScreen.storyboard in Resources */,
				0C603A542806135F00077F30 /* Assets.xcassets in Resources */,
			);
			runOnlyForDeploymentPostprocessing = 0;
		};
/* End PBXResourcesBuildPhase section */

/* Begin PBXSourcesBuildPhase section */
		0C603A432806135F00077F30 /* Sources */ = {
			isa = PBXSourcesBuildPhase;
			buildActionMask = 2147483647;
			files = (
				0C96C31D2857E10C00E55BF2 /* Router+ConfirmPhone.swift in Sources */,
				0C016D5228103FED00A98DB8 /* UserManager.swift in Sources */,
				0CB14F0B28575B7400DAAFA6 /* LoginRoutes.swift in Sources */,
				0C016D542810404C00A98DB8 /* AuthManager.swift in Sources */,
				0C016D562810407400A98DB8 /* AppDependancyContainer.swift in Sources */,
				0C603A4B2806135F00077F30 /* AppDelegate.swift in Sources */,
				0C96C31B2857DC7E00E55BF2 /* Router+EnterPhone.swift in Sources */,
				0CB14F1028575BF800DAAFA6 /* Router+Onboarding.swift in Sources */,
			);
			runOnlyForDeploymentPostprocessing = 0;
		};
/* End PBXSourcesBuildPhase section */

/* Begin PBXVariantGroup section */
		0C603A552806135F00077F30 /* LaunchScreen.storyboard */ = {
			isa = PBXVariantGroup;
			children = (
				0C603A562806135F00077F30 /* Base */,
			);
			name = LaunchScreen.storyboard;
			sourceTree = "<group>";
		};
/* End PBXVariantGroup section */

/* Begin XCBuildConfiguration section */
		0C603A592806135F00077F30 /* Debug */ = {
			isa = XCBuildConfiguration;
			buildSettings = {
				ALWAYS_SEARCH_USER_PATHS = NO;
				CLANG_ANALYZER_NONNULL = YES;
				CLANG_ANALYZER_NUMBER_OBJECT_CONVERSION = YES_AGGRESSIVE;
				CLANG_CXX_LANGUAGE_STANDARD = "gnu++17";
				CLANG_CXX_LIBRARY = "libc++";
				CLANG_ENABLE_MODULES = YES;
				CLANG_ENABLE_OBJC_ARC = YES;
				CLANG_ENABLE_OBJC_WEAK = YES;
				CLANG_WARN_BLOCK_CAPTURE_AUTORELEASING = YES;
				CLANG_WARN_BOOL_CONVERSION = YES;
				CLANG_WARN_COMMA = YES;
				CLANG_WARN_CONSTANT_CONVERSION = YES;
				CLANG_WARN_DEPRECATED_OBJC_IMPLEMENTATIONS = YES;
				CLANG_WARN_DIRECT_OBJC_ISA_USAGE = YES_ERROR;
				CLANG_WARN_DOCUMENTATION_COMMENTS = YES;
				CLANG_WARN_EMPTY_BODY = YES;
				CLANG_WARN_ENUM_CONVERSION = YES;
				CLANG_WARN_INFINITE_RECURSION = YES;
				CLANG_WARN_INT_CONVERSION = YES;
				CLANG_WARN_NON_LITERAL_NULL_CONVERSION = YES;
				CLANG_WARN_OBJC_IMPLICIT_RETAIN_SELF = YES;
				CLANG_WARN_OBJC_LITERAL_CONVERSION = YES;
				CLANG_WARN_OBJC_ROOT_CLASS = YES_ERROR;
				CLANG_WARN_QUOTED_INCLUDE_IN_FRAMEWORK_HEADER = YES;
				CLANG_WARN_RANGE_LOOP_ANALYSIS = YES;
				CLANG_WARN_STRICT_PROTOTYPES = YES;
				CLANG_WARN_SUSPICIOUS_MOVE = YES;
				CLANG_WARN_UNGUARDED_AVAILABILITY = YES_AGGRESSIVE;
				CLANG_WARN_UNREACHABLE_CODE = YES;
				CLANG_WARN__DUPLICATE_METHOD_MATCH = YES;
				COPY_PHASE_STRIP = NO;
				DEBUG_INFORMATION_FORMAT = dwarf;
				ENABLE_STRICT_OBJC_MSGSEND = YES;
				ENABLE_TESTABILITY = YES;
				GCC_C_LANGUAGE_STANDARD = gnu11;
				GCC_DYNAMIC_NO_PIC = NO;
				GCC_NO_COMMON_BLOCKS = YES;
				GCC_OPTIMIZATION_LEVEL = 0;
				GCC_PREPROCESSOR_DEFINITIONS = (
					"DEBUG=1",
					"$(inherited)",
				);
				GCC_WARN_64_TO_32_BIT_CONVERSION = YES;
				GCC_WARN_ABOUT_RETURN_TYPE = YES_ERROR;
				GCC_WARN_UNDECLARED_SELECTOR = YES;
				GCC_WARN_UNINITIALIZED_AUTOS = YES_AGGRESSIVE;
				GCC_WARN_UNUSED_FUNCTION = YES;
				GCC_WARN_UNUSED_VARIABLE = YES;
				IPHONEOS_DEPLOYMENT_TARGET = 15.2;
				MTL_ENABLE_DEBUG_INFO = INCLUDE_SOURCE;
				MTL_FAST_MATH = YES;
				ONLY_ACTIVE_ARCH = YES;
				SDKROOT = iphoneos;
				SWIFT_ACTIVE_COMPILATION_CONDITIONS = DEBUG;
				SWIFT_OPTIMIZATION_LEVEL = "-Onone";
			};
			name = Debug;
		};
		0C603A5A2806135F00077F30 /* Release */ = {
			isa = XCBuildConfiguration;
			buildSettings = {
				ALWAYS_SEARCH_USER_PATHS = NO;
				CLANG_ANALYZER_NONNULL = YES;
				CLANG_ANALYZER_NUMBER_OBJECT_CONVERSION = YES_AGGRESSIVE;
				CLANG_CXX_LANGUAGE_STANDARD = "gnu++17";
				CLANG_CXX_LIBRARY = "libc++";
				CLANG_ENABLE_MODULES = YES;
				CLANG_ENABLE_OBJC_ARC = YES;
				CLANG_ENABLE_OBJC_WEAK = YES;
				CLANG_WARN_BLOCK_CAPTURE_AUTORELEASING = YES;
				CLANG_WARN_BOOL_CONVERSION = YES;
				CLANG_WARN_COMMA = YES;
				CLANG_WARN_CONSTANT_CONVERSION = YES;
				CLANG_WARN_DEPRECATED_OBJC_IMPLEMENTATIONS = YES;
				CLANG_WARN_DIRECT_OBJC_ISA_USAGE = YES_ERROR;
				CLANG_WARN_DOCUMENTATION_COMMENTS = YES;
				CLANG_WARN_EMPTY_BODY = YES;
				CLANG_WARN_ENUM_CONVERSION = YES;
				CLANG_WARN_INFINITE_RECURSION = YES;
				CLANG_WARN_INT_CONVERSION = YES;
				CLANG_WARN_NON_LITERAL_NULL_CONVERSION = YES;
				CLANG_WARN_OBJC_IMPLICIT_RETAIN_SELF = YES;
				CLANG_WARN_OBJC_LITERAL_CONVERSION = YES;
				CLANG_WARN_OBJC_ROOT_CLASS = YES_ERROR;
				CLANG_WARN_QUOTED_INCLUDE_IN_FRAMEWORK_HEADER = YES;
				CLANG_WARN_RANGE_LOOP_ANALYSIS = YES;
				CLANG_WARN_STRICT_PROTOTYPES = YES;
				CLANG_WARN_SUSPICIOUS_MOVE = YES;
				CLANG_WARN_UNGUARDED_AVAILABILITY = YES_AGGRESSIVE;
				CLANG_WARN_UNREACHABLE_CODE = YES;
				CLANG_WARN__DUPLICATE_METHOD_MATCH = YES;
				COPY_PHASE_STRIP = NO;
				DEBUG_INFORMATION_FORMAT = "dwarf-with-dsym";
				ENABLE_NS_ASSERTIONS = NO;
				ENABLE_STRICT_OBJC_MSGSEND = YES;
				GCC_C_LANGUAGE_STANDARD = gnu11;
				GCC_NO_COMMON_BLOCKS = YES;
				GCC_WARN_64_TO_32_BIT_CONVERSION = YES;
				GCC_WARN_ABOUT_RETURN_TYPE = YES_ERROR;
				GCC_WARN_UNDECLARED_SELECTOR = YES;
				GCC_WARN_UNINITIALIZED_AUTOS = YES_AGGRESSIVE;
				GCC_WARN_UNUSED_FUNCTION = YES;
				GCC_WARN_UNUSED_VARIABLE = YES;
				IPHONEOS_DEPLOYMENT_TARGET = 15.2;
				MTL_ENABLE_DEBUG_INFO = NO;
				MTL_FAST_MATH = YES;
				SDKROOT = iphoneos;
				SWIFT_COMPILATION_MODE = wholemodule;
				SWIFT_OPTIMIZATION_LEVEL = "-O";
				VALIDATE_PRODUCT = YES;
			};
			name = Release;
		};
		0C603A5C2806135F00077F30 /* Debug */ = {
			isa = XCBuildConfiguration;
			buildSettings = {
				ASSETCATALOG_COMPILER_APPICON_NAME = AppIcon;
				ASSETCATALOG_COMPILER_GLOBAL_ACCENT_COLOR_NAME = AccentColor;
				CODE_SIGN_STYLE = Automatic;
				CURRENT_PROJECT_VERSION = 1;
				DEVELOPMENT_TEAM = 9WBNE8AA3J;
				GENERATE_INFOPLIST_FILE = YES;
				INFOPLIST_FILE = "PWR-Architecture/Info.plist";
				INFOPLIST_KEY_UIApplicationSupportsIndirectInputEvents = YES;
				INFOPLIST_KEY_UILaunchStoryboardName = LaunchScreen;
				INFOPLIST_KEY_UISupportedInterfaceOrientations = UIInterfaceOrientationPortrait;
				INFOPLIST_KEY_UISupportedInterfaceOrientations_iPad = "UIInterfaceOrientationPortrait UIInterfaceOrientationPortraitUpsideDown";
				INFOPLIST_KEY_UISupportedInterfaceOrientations_iPhone = UIInterfaceOrientationPortrait;
				IPHONEOS_DEPLOYMENT_TARGET = 13.0;
				LD_RUNPATH_SEARCH_PATHS = (
					"$(inherited)",
					"@executable_path/Frameworks",
				);
				MARKETING_VERSION = 1.0;
				PRODUCT_BUNDLE_IDENTIFIER = "com.NickSudibor.PWR-Architecture";
				PRODUCT_NAME = "$(TARGET_NAME)";
				SWIFT_EMIT_LOC_STRINGS = YES;
				SWIFT_VERSION = 5.0;
				TARGETED_DEVICE_FAMILY = "1,2";
			};
			name = Debug;
		};
		0C603A5D2806135F00077F30 /* Release */ = {
			isa = XCBuildConfiguration;
			buildSettings = {
				ASSETCATALOG_COMPILER_APPICON_NAME = AppIcon;
				ASSETCATALOG_COMPILER_GLOBAL_ACCENT_COLOR_NAME = AccentColor;
				CODE_SIGN_STYLE = Automatic;
				CURRENT_PROJECT_VERSION = 1;
				DEVELOPMENT_TEAM = 9WBNE8AA3J;
				GENERATE_INFOPLIST_FILE = YES;
				INFOPLIST_FILE = "PWR-Architecture/Info.plist";
				INFOPLIST_KEY_UIApplicationSupportsIndirectInputEvents = YES;
				INFOPLIST_KEY_UILaunchStoryboardName = LaunchScreen;
				INFOPLIST_KEY_UISupportedInterfaceOrientations = UIInterfaceOrientationPortrait;
				INFOPLIST_KEY_UISupportedInterfaceOrientations_iPad = "UIInterfaceOrientationPortrait UIInterfaceOrientationPortraitUpsideDown";
				INFOPLIST_KEY_UISupportedInterfaceOrientations_iPhone = UIInterfaceOrientationPortrait;
				IPHONEOS_DEPLOYMENT_TARGET = 13.0;
				LD_RUNPATH_SEARCH_PATHS = (
					"$(inherited)",
					"@executable_path/Frameworks",
				);
				MARKETING_VERSION = 1.0;
				PRODUCT_BUNDLE_IDENTIFIER = "com.NickSudibor.PWR-Architecture";
				PRODUCT_NAME = "$(TARGET_NAME)";
				SWIFT_EMIT_LOC_STRINGS = YES;
				SWIFT_VERSION = 5.0;
				TARGETED_DEVICE_FAMILY = "1,2";
			};
			name = Release;
		};
/* End XCBuildConfiguration section */

/* Begin XCConfigurationList section */
		0C603A422806135F00077F30 /* Build configuration list for PBXProject "PWR-Architecture" */ = {
			isa = XCConfigurationList;
			buildConfigurations = (
				0C603A592806135F00077F30 /* Debug */,
				0C603A5A2806135F00077F30 /* Release */,
			);
			defaultConfigurationIsVisible = 0;
			defaultConfigurationName = Release;
		};
		0C603A5B2806135F00077F30 /* Build configuration list for PBXNativeTarget "PWR-Architecture" */ = {
			isa = XCConfigurationList;
			buildConfigurations = (
				0C603A5C2806135F00077F30 /* Debug */,
				0C603A5D2806135F00077F30 /* Release */,
			);
			defaultConfigurationIsVisible = 0;
			defaultConfigurationName = Release;
		};
/* End XCConfigurationList section */

/* Begin XCSwiftPackageProductDependency section */
		0C3DE11F2847691E007B7811 /* UIComponents */ = {
			isa = XCSwiftPackageProductDependency;
			productName = UIComponents;
		};
		0C3DE12128476921007B7811 /* Feed */ = {
			isa = XCSwiftPackageProductDependency;
			productName = Feed;
		};
		0C3DE12328476925007B7811 /* Login */ = {
			isa = XCSwiftPackageProductDependency;
			productName = Login;
		};
		0C3DE12528476925007B7811 /* Profile */ = {
			isa = XCSwiftPackageProductDependency;
			productName = Profile;
		};
		0C3DE12728476925007B7811 /* Settings */ = {
			isa = XCSwiftPackageProductDependency;
			productName = Settings;
		};
		0CB14F0C28575B7E00DAAFA6 /* Routing */ = {
			isa = XCSwiftPackageProductDependency;
			productName = Routing;
		};
/* End XCSwiftPackageProductDependency section */
	};
	rootObject = 0C603A3F2806135F00077F30 /* Project object */;
}
